
Microsoft Visual Studio Solution File, Format Version 12.00
# Visual Studio Version 17
VisualStudioVersion = 17.7.33927.210
MinimumVisualStudioVersion = 10.0.40219.1
Project("{FAE04EC0-301F-11D3-BF4B-00C04F79EFBC}") = "TuwenDayinDian", "TuwenDayinDian.csproj", "{F3E81F73-5056-4E83-AFC6-FDD28630C2CB}"
EndProject
Global
	GlobalSection(SolutionConfigurationPlatforms) = preSolution
		Debug|Any CPU = Debug|Any CPU
		Release|Any CPU = Release|Any CPU
	EndGlobalSection
	GlobalSection(ProjectConfigurationPlatforms) = postSolution
		{F3E81F73-5056-4E83-AFC6-FDD28630C2CB}.Debug|Any CPU.ActiveCfg = Debug|Any CPU
		{F3E81F73-5056-4E83-AFC6-FDD28630C2CB}.Debug|Any CPU.Build.0 = Debug|Any CPU
		{F3E81F73-5056-4E83-AFC6-FDD28630C2CB}.Release|Any CPU.ActiveCfg = Release|Any CPU
		{F3E81F73-5056-4E83-AFC6-FDD28630C2CB}.Release|Any CPU.Build.0 = Release|Any CPU
	EndGlobalSection
	GlobalSection(SolutionProperties) = preSolution
		HideSolutionNode = FALSE
	EndGlobalSection
	GlobalSection(ExtensibilityGlobals) = postSolution
		SolutionGuid = {4310ED36-02E2-47D9-8573-F26D796CECA7}
	EndGlobalSection
EndGlobal
